{
  "version": 1,
  "dependencies": {
    "net6.0": {
      "Bogus": {
        "type": "Direct",
        "requested": "[34.0.2, )",
        "resolved": "34.0.2",
        "contentHash": "2KQAuMn3fLAQ2r6jeiffZnpv0bi3GCW3iRB2v1KeHIEBu8MNTh9dBlLTZwGvM0pr+9doKkU8L5JgCURmTmT88A=="
      },
      "coverlet.collector": {
        "type": "Direct",
        "requested": "[6.0.0, )",
        "resolved": "6.0.0",
        "contentHash": "tW3lsNS+dAEII6YGUX/VMoJjBS1QvsxqJeqLaJXub08y1FSjasFPtQ4UBUsudE9PNrzLjooClMsPtY2cZLdXpQ=="
      },
      "Faker.Net": {
        "type": "Direct",
        "requested": "[2.0.154, )",
        "resolved": "2.0.154",
        "contentHash": "pkabhT7wxNR1gkPO6ga77XdeqBblaE8a1oY47eMGGvM7DMZ9S8ARZrKkRWaPUNjGCOqtH3oeQSMuEPxd98ir4w==",
        "dependencies": {
          "NETStandard.Library": "2.0.3"
        }
      },
      "JunitXml.TestLogger": {
        "type": "Direct",
        "requested": "[3.0.134, )",
        "resolved": "3.0.134",
        "contentHash": "KoZInijT7rUEXGEOGUQfzLBZFaA65A7g6AhosHCI/aPuqxYMq40wUOO3kynor8QQhbgU+lpLFmhAxNb3+JoCfQ=="
      },
      "Microsoft.Extensions.Logging": {
        "type": "Direct",
        "requested": "[8.0.0-rc.2.23479.6, )",
        "resolved": "8.0.0-rc.2.23479.6",
        "contentHash": "EqCB9QQYUHUVklT1Us38PuiHNIAbYHVnAvPEpR8VSBbiCa1GUIOdW+zLR8Cvb9XtjDkirVA+eH84z0ktikPw5Q==",
        "dependencies": {
          "Microsoft.Extensions.DependencyInjection": "8.0.0-rc.2.23479.6",
          "Microsoft.Extensions.Logging.Abstractions": "8.0.0-rc.2.23479.6",
          "Microsoft.Extensions.Options": "8.0.0-rc.2.23479.6"
        }
      },
      "Microsoft.NET.Test.Sdk": {
        "type": "Direct",
        "requested": "[17.3.2, )",
        "resolved": "17.3.2",
        "contentHash": "apR0ha1T8FujBwq1P8i/DOZjbI5XhcP/i8As4NnVztVSpZG8GtWRPCstcmgkUkBpvEfcrrDPlJWbuZY+Hl1hSg==",
        "dependencies": {
          "Microsoft.CodeCoverage": "17.3.2",
          "Microsoft.TestPlatform.TestHost": "17.3.2"
        }
      },
      "Moq": {
        "type": "Direct",
        "requested": "[4.20.70, )",
        "resolved": "4.20.70",
        "contentHash": "4rNnAwdpXJBuxqrOCzCyICXHSImOTRktCgCWXWykuF1qwoIsVvEnR7PjbMk/eLOxWvhmj5Kwt+kDV3RGUYcNwg==",
        "dependencies": {
          "Castle.Core": "5.1.1"
        }
      },
      "Newtonsoft.Json": {
        "type": "Direct",
        "requested": "[13.0.3, )",
        "resolved": "13.0.3",
        "contentHash": "HrC5BXdl00IP9zeV+0Z848QWPAoCr9P3bDEZguI+gkLcBKAOxix/tLEAAHC+UvDNPv4a2d18lOReHMOagPa+zQ=="
      },
      "NSubstitute": {
        "type": "Direct",
        "requested": "[5.1.0, )",
        "resolved": "5.1.0",
        "contentHash": "ZCqOP3Kpp2ea7QcLyjMU4wzE+0wmrMN35PQMsdPOHYc2IrvjmusG9hICOiqiOTPKN0gJon6wyCn6ZuGHdNs9hQ==",
        "dependencies": {
          "Castle.Core": "5.1.1"
        }
      },
      "NUnit": {
        "type": "Direct",
        "requested": "[4.0.1, )",
        "resolved": "4.0.1",
        "contentHash": "jNTHZ01hJsDNPDSBycoHpavFZUBf9vRVQLCyuo78LRrrFj6Ol/CeqK+NIeTk5d8Eycjk59KseWb7X5Ge6z7CgQ=="
      },
      "Refit": {
        "type": "Direct",
        "requested": "[7.0.0, )",
        "resolved": "7.0.0",
        "contentHash": "MeOXucNjebiLiOM+hM4niN2cWLlwaQWNCGZs0LDUEoCVwOtV/IWOMOqlAbUeb8Y0/iOgMai2g6Gz9M/d6V7gtA==",
        "dependencies": {
          "System.Net.Http.Json": "7.0.1",
          "System.Text.Json": "7.0.3"
        }
      },
      "System.Threading.Tasks.Extensions": {
        "type": "Direct",
        "requested": "[4.5.0, )",
        "resolved": "4.5.0",
        "contentHash": "csAJe24tWCOTO/rXoJAuBGuOq7ZdHY60XtC6b/hNMHT9tuX+2J9HK7nciLEtNvnrRLMxBACLXO3R4y5+kCduMA=="
      },
      "xunit": {
        "type": "Direct",
        "requested": "[2.4.2, )",
        "resolved": "2.4.2",
        "contentHash": "6Mj73Ont3zj2CJuoykVJfE0ZmRwn7C+pTuRP8c4bnaaTFjwNG6tGe0prJ1yIbMe9AHrpDys63ctWacSsFJWK/w==",
        "dependencies": {
          "xunit.analyzers": "1.0.0",
          "xunit.assert": "2.4.2",
          "xunit.core": "[2.4.2]"
        }
      },
      "xunit.runner.visualstudio": {
        "type": "Direct",
        "requested": "[2.4.5, )",
        "resolved": "2.4.5",
        "contentHash": "OwHamvBdUKgqsXfBzWiCW/O98BTx81UKzx2bieIOQI7CZFE5NEQZGi8PBQGIKawDW96xeRffiNf20SjfC0x9hw=="
      },
      "Castle.Core": {
        "type": "Transitive",
        "resolved": "5.1.1",
        "contentHash": "rpYtIczkzGpf+EkZgDr9CClTdemhsrwA/W5hMoPjLkRFnXzH44zDLoovXeKtmxb1ykXK9aJVODSpiJml8CTw2g==",
        "dependencies": {
          "System.Diagnostics.EventLog": "6.0.0"
        }
      },
      "DogStatsD-CSharp-Client": {
        "type": "Transitive",
        "resolved": "7.0.0",
        "contentHash": "hl2395HLp+EjQkCG1Dvl4QL5MVttFREBwWoZ5yXk8MsVXFTIsuJNSDJHUzFBrNcmMWrm3EB/gn/60BMmtazGcQ=="
      },
      "Google.Api.CommonProtos": {
        "type": "Transitive",
        "resolved": "2.6.0",
        "contentHash": "GuxkKnM6Ok9f1CV2CpQatTQ04g3RAuUUStM1McHK4O8XopJTdih0nwgI1ESrgVi9LpExxzx7OhxDXivE2Ua8Ig==",
        "dependencies": {
          "Google.Protobuf": "[3.21.0, 4.0.0)"
        }
      },
      "Google.Api.Gax": {
        "type": "Transitive",
        "resolved": "4.4.0",
        "contentHash": "vkqxzz54dRdl3uUmz0hOhMfR9EjGrWJI+SeOl3UC1Gr/mHfHOwYiRPnJbub+77/xS0lAJBs02iOh3ay9zgzW4Q==",
        "dependencies": {
          "Microsoft.Bcl.AsyncInterfaces": "6.0.0",
          "Newtonsoft.Json": "13.0.3"
        }
      },
      "Google.Api.Gax.Grpc": {
        "type": "Transitive",
        "resolved": "4.0.0",
        "contentHash": "055+cKSTnMdPj7X3PhYaC2KmnDLGuOhcNwhZcT1ZfT9ba3CeleNsHvONNvl17mCW6XgWj6sv2DKOxFuut0gJKw==",
        "dependencies": {
          "Google.Api.CommonProtos": "2.6.0",
          "Google.Api.Gax": "4.0.0",
          "Google.Apis.Auth": "[1.56.0, 2.0.0)",
          "Grpc.Auth": "[2.46.3, 3.0.0)",
          "Grpc.Core.Api": "[2.46.3, 3.0.0)",
          "Grpc.Net.Client": "[2.46.0, 3.0.0)",
          "Microsoft.Extensions.DependencyInjection.Abstractions": "6.0.0"
        }
      },
      "Google.Api.Gax.Rest": {
        "type": "Transitive",
        "resolved": "4.4.0",
        "contentHash": "L4sJluVTLMy5cqFR439c2UNuWU20Wqh6yatY455rRwRlfdQlCc7Z4TdYphj2qH3cLo5NCPGQM37r/uQDLzF3eA==",
        "dependencies": {
          "Google.Api.Gax": "4.4.0",
          "Google.Apis.Auth": "[1.60.0, 2.0.0)",
          "Microsoft.Extensions.DependencyInjection.Abstractions": "6.0.0"
        }
      },
      "Google.Apis": {
        "type": "Transitive",
        "resolved": "1.60.0",
        "contentHash": "T8ojAsKlsMkt5nZhTQuocqHYzm/knVm8o2/JMm4louEjaKzT4x0FihoCIxCYSTRGWkYC27LPWspyG4p76+bMzA==",
        "dependencies": {
          "Google.Apis.Core": "1.60.0"
        }
      },
      "Google.Apis.Auth": {
        "type": "Transitive",
        "resolved": "1.60.0",
        "contentHash": "AUuWniIf2muns/9hesiF7yCKeQN+PbdTU864Rb2wDzW4xmepO6tEnoqREPeow95qIAgkOlL/byKeU65d3ox5Ng==",
        "dependencies": {
          "Google.Apis": "1.60.0",
          "Google.Apis.Core": "1.60.0"
        }
      },
      "Google.Apis.Bigquery.v2": {
        "type": "Transitive",
        "resolved": "1.60.0.2949",
        "contentHash": "EMYFkwktkzHuOsqg0mVcSalnWu6TuxWvMtRbZCh/oBPcXhJcg9Gpi7+57AN/ijv4JKOkzOU9GCjdRnnpYz/tbw==",
        "dependencies": {
          "Google.Apis": "1.60.0",
          "Google.Apis.Auth": "1.60.0"
        }
      },
      "Google.Apis.Core": {
        "type": "Transitive",
        "resolved": "1.60.0",
        "contentHash": "NOkjqMQblYEZXt2OEgshWayveYW11Pi+Uz0I30Kzl9BvL4TZLJzMqtiu1EdV8XkyyjGuAUgANdi4BOqRDlbVEw==",
        "dependencies": {
          "Newtonsoft.Json": "13.0.2"
        }
      },
      "Google.Cloud.BigQuery.V2": {
        "type": "Transitive",
        "resolved": "3.5.0",
        "contentHash": "4I5XlH/QvlZsTKqhLFeo0RMEGXj6isPEGcHDA9DRGwRJXshsgBmoxQSXwlrC/gNoaXlIYxPDuKewn36ad3EUzA==",
        "dependencies": {
          "Google.Api.Gax.Rest": "[4.4.0, 5.0.0)",
          "Google.Apis.Bigquery.v2": "[1.60.0.2949, 2.0.0)"
        }
      },
      "Google.Cloud.Iam.V1": {
        "type": "Transitive",
        "resolved": "3.0.0",
        "contentHash": "uZI2PbIj6njiW7dAdlbyGtAFO3oRPXa1o90w9p+aWcuOGTZPJkEShGATcGVXIXtdnQ+pXLfnXhreiRgkgkyx4Q==",
        "dependencies": {
          "Google.Api.Gax.Grpc": "[4.0.0, 5.0.0)"
        }
      },
      "Google.Cloud.PubSub.V1": {
        "type": "Transitive",
        "resolved": "3.1.0",
        "contentHash": "E9qp2Y97pnPszE5++146DK0WIZLk42gS4IChCwjm2IWymJWiGWOiHZBQyZP5/ESBScJQlSyUQzy4wq1W2sVr7g==",
        "dependencies": {
          "Google.Api.Gax.Grpc": "[4.0.0, 5.0.0)",
          "Google.Cloud.Iam.V1": "[3.0.0, 4.0.0)"
        }
      },
      "Google.Protobuf": {
        "type": "Transitive",
        "resolved": "3.21.0",
        "contentHash": "LKtDRauLeBFzwhK7JKpzvyNCvIxYRPX9mHjeuTj3gtG9F6JnSVqF1X2h+UZnQB47Ihi4+EipvbU1fEG7XNa30A=="
      },
      "Grpc.Auth": {
        "type": "Transitive",
        "resolved": "2.46.3",
        "contentHash": "w1DZFiqOSayiNBRc4Nuhw+A4ctx4WhJK+dn24ihY8w3HY2LAb1SfCLKnhce5ufZ3eYmDOmna9iJT/L3pbp+AKg==",
        "dependencies": {
          "Google.Apis.Auth": "1.46.0",
          "Grpc.Core.Api": "2.46.3"
        }
      },
      "Grpc.Core.Api": {
        "type": "Transitive",
        "resolved": "2.46.3",
        "contentHash": "uy1oe5baVa4V+C8ZyMiA8xYdNIx5A3PiacQL0f1zWDjF2z64Cb1MMXXRTs3GX+jeKpoK/RtOZg8UnJSm2KC/pQ==",
        "dependencies": {
          "System.Memory": "4.5.3"
        }
      },
      "Grpc.Net.Client": {
        "type": "Transitive",
        "resolved": "2.46.0",
        "contentHash": "iHx39bGsvtxVgaMkmVlxyNtjZETq9N8vxUA8Kc7dT2WBz+SXvBSOu0yPZxlcnFIOM5JyOuM/Dszg9GFGANrDPQ==",
        "dependencies": {
          "Grpc.Net.Common": "2.46.0",
          "Microsoft.Extensions.Logging.Abstractions": "3.0.3"
        }
      },
      "Grpc.Net.Common": {
        "type": "Transitive",
        "resolved": "2.46.0",
        "contentHash": "RjVHthmxrD7pK7kVIiIiSfGEkf1wxVy5nKyqDMKJAwy8vn6YZ/XOZLHZKil0s7VDkrO+HNqd6uC9LiIhL7o0ow==",
        "dependencies": {
          "Grpc.Core.Api": "2.46.1"
        }
      },
      "Microsoft.Bcl.AsyncInterfaces": {
        "type": "Transitive",
        "resolved": "6.0.0",
        "contentHash": "UcSjPsst+DfAdJGVDsu346FX0ci0ah+lw3WRtn18NUwEqRt70HaOQ7lI72vy3+1LxtqI3T5GWwV39rQSrCzAeg=="
      },
      "Microsoft.CodeCoverage": {
        "type": "Transitive",
        "resolved": "17.3.2",
        "contentHash": "+CeYNY9hYNRgv1wAID5koeDVob1ZOrOYfRRTLxU9Zm5ZMDMkMZ8wzXgakxVv+jtk8tPdE8Ze9vVE+czMKapv/Q=="
      },
      "Microsoft.Extensions.Caching.Abstractions": {
        "type": "Transitive",
        "resolved": "6.0.0",
        "contentHash": "bcz5sSFJbganH0+YrfvIjJDIcKNW7TL07C4d1eTmXy/wOt52iz4LVogJb6pazs7W0+74j0YpXFErvp++Aq5Bsw==",
        "dependencies": {
          "Microsoft.Extensions.Primitives": "6.0.0"
        }
      },
      "Microsoft.Extensions.Caching.Memory": {
        "type": "Transitive",
        "resolved": "6.0.0",
        "contentHash": "Ve3BlCzhAlVp5IgO3+8dacAhZk1A0GlIlFNkAcfR2TfAibLKWIt5DhVJZfu4YtW+XZ89OjYf/agMcgjDtPxdGA==",
        "dependencies": {
          "Microsoft.Extensions.Caching.Abstractions": "6.0.0",
          "Microsoft.Extensions.DependencyInjection.Abstractions": "6.0.0",
          "Microsoft.Extensions.Logging.Abstractions": "6.0.0",
          "Microsoft.Extensions.Options": "6.0.0",
          "Microsoft.Extensions.Primitives": "6.0.0"
        }
      },
      "Microsoft.Extensions.Configuration": {
        "type": "Transitive",
        "resolved": "6.0.0",
        "contentHash": "tq2wXyh3fL17EMF2bXgRhU7JrbO3on93MRKYxzz4JzzvuGSA1l0W3GI9/tl8EO89TH+KWEymP7bcFway6z9fXg==",
        "dependencies": {
          "Microsoft.Extensions.Configuration.Abstractions": "6.0.0",
          "Microsoft.Extensions.Primitives": "6.0.0"
        }
      },
      "Microsoft.Extensions.Configuration.Abstractions": {
        "type": "Transitive",
        "resolved": "6.0.0",
        "contentHash": "qWzV9o+ZRWq+pGm+1dF+R7qTgTYoXvbyowRoBxQJGfqTpqDun2eteerjRQhq5PQ/14S+lqto3Ft4gYaRyl4rdQ==",
        "dependencies": {
          "Microsoft.Extensions.Primitives": "6.0.0"
        }
      },
      "Microsoft.Extensions.Configuration.Binder": {
        "type": "Transitive",
        "resolved": "6.0.0",
        "contentHash": "b3ErKzND8LIC7o08QAVlKfaEIYEvLJbtmVbFZVBRXeu9YkKfSSzLZfR1SUfQPBIy9mKLhEtJgGYImkcMNaKE0A==",
        "dependencies": {
          "Microsoft.Extensions.Configuration.Abstractions": "6.0.0"
        }
      },
      "Microsoft.Extensions.DependencyInjection": {
        "type": "Transitive",
        "resolved": "8.0.0-rc.2.23479.6",
        "contentHash": "pUD/Gjd0MTrWPD4/SnKazYQvky2EHEtPyGb3FWZkEPWAfYPFVVw5fMRTkfoBPivpWLuxEw4FNK7GX77xEErUQQ==",
        "dependencies": {
          "Microsoft.Extensions.DependencyInjection.Abstractions": "8.0.0-rc.2.23479.6"
        }
      },
      "Microsoft.Extensions.DependencyInjection.Abstractions": {
        "type": "Transitive",
        "resolved": "8.0.0-rc.2.23479.6",
        "contentHash": "QLTBDvE/E05Xl2UVFXOBFIW0VLn/mMJ8DSbTyK6ODsO3sqDs0fyPqydACTnX/nbGZRrTMeud3XDbUrt24ab1EA=="
      },
      "Microsoft.Extensions.Diagnostics.HealthChecks": {
        "type": "Transitive",
        "resolved": "6.0.0",
        "contentHash": "ktOGFY2uJ6QqZbLgLZgYg6qWuOnwKEIYbpgGDR/1QY8E+8NhnL75dJZ+WDl88h7Q4JkIFeTkFBUGF5QmNcfUEg==",
        "dependencies": {
          "Microsoft.Extensions.Diagnostics.HealthChecks.Abstractions": "6.0.0",
          "Microsoft.Extensions.Hosting.Abstractions": "6.0.0",
          "Microsoft.Extensions.Logging.Abstractions": "6.0.0",
          "Microsoft.Extensions.Options": "6.0.0"
        }
      },
      "Microsoft.Extensions.Diagnostics.HealthChecks.Abstractions": {
        "type": "Transitive",
        "resolved": "6.0.0",
        "contentHash": "6C9uhsA7GwT1qlXF+1JgOktilrWBSMLNVcwIjg63UvFaDVizg8fYTv826MC58dznvvT9yG31gGwsN1cFfg+yZQ=="
      },
      "Microsoft.Extensions.FileProviders.Abstractions": {
        "type": "Transitive",
        "resolved": "6.0.0",
        "contentHash": "0pd4/fho0gC12rQswaGQxbU34jOS1TPS8lZPpkFCH68ppQjHNHYle9iRuHeev1LhrJ94YPvzcRd8UmIuFk23Qw==",
        "dependencies": {
          "Microsoft.Extensions.Primitives": "6.0.0"
        }
      },
      "Microsoft.Extensions.Hosting.Abstractions": {
        "type": "Transitive",
        "resolved": "6.0.0",
        "contentHash": "GcT5l2CYXL6Sa27KCSh0TixsRfADUgth+ojQSD5EkzisZxmGFh7CwzkcYuGwvmXLjr27uWRNrJ2vuuEjMhU05Q==",
        "dependencies": {
          "Microsoft.Extensions.Configuration.Abstractions": "6.0.0",
          "Microsoft.Extensions.DependencyInjection.Abstractions": "6.0.0",
          "Microsoft.Extensions.FileProviders.Abstractions": "6.0.0"
        }
      },
      "Microsoft.Extensions.Logging.Abstractions": {
        "type": "Transitive",
        "resolved": "8.0.0-rc.2.23479.6",
        "contentHash": "xuQcOpvz76nTYytCf9HrHGCbMq/PU/ZGSkhX/grDBfWHZ1gjz38hDjrYn4NMr5DnndNtou4yn6tR5q0hjCr9pw==",
        "dependencies": {
          "Microsoft.Extensions.DependencyInjection.Abstractions": "8.0.0-rc.2.23479.6"
        }
      },
      "Microsoft.Extensions.Options": {
        "type": "Transitive",
        "resolved": "8.0.0-rc.2.23479.6",
        "contentHash": "f2uTnKEleplKK+pVKEg1rOCmM3+cuLpafTpKJzbj9lm8dmj0+dWxb0L6MAt9r1s3OYlIKY5IdkW0TUFKXvRCMg==",
        "dependencies": {
          "Microsoft.Extensions.DependencyInjection.Abstractions": "8.0.0-rc.2.23479.6",
          "Microsoft.Extensions.Primitives": "8.0.0-rc.2.23479.6"
        }
      },
      "Microsoft.Extensions.Primitives": {
        "type": "Transitive",
        "resolved": "8.0.0-rc.2.23479.6",
        "contentHash": "I3fTiDmV+2cCR3VjH+oz49AMgrAqX1cmNiWXmEAituAI7jCLA16uXzvYQTwxhQzov5BTdPVXKGNTxsMb1GpcLQ==",
        "dependencies": {
          "System.Runtime.CompilerServices.Unsafe": "6.0.0"
        }
      },
      "Microsoft.IdentityModel.Abstractions": {
        "type": "Transitive",
        "resolved": "6.22.0",
        "contentHash": "iI+9V+2ciCrbheeLjpmjcqCnhy+r6yCoEcid3nkoFWerHgjVuT6CPM4HODUTtUPe1uwks4wcnAujJ8u+IKogHQ=="
      },
      "Microsoft.IdentityModel.Logging": {
        "type": "Transitive",
        "resolved": "6.22.0",
        "contentHash": "v+BPO40iUEuAOmajdhL6tf2oSeCM5mGdHuuDJI0jr0GpTu3uv+UXh0lEy3DoKMZ52xk3RxDsLfMyzTdt7EC09A==",
        "dependencies": {
          "Microsoft.IdentityModel.Abstractions": "6.22.0"
        }
      },
      "Microsoft.NETCore.Platforms": {
        "type": "Transitive",
        "resolved": "1.1.0",
        "contentHash": "kz0PEW2lhqygehI/d6XsPCQzD7ff7gUJaVGPVETX611eadGsA3A877GdSlU0LRVMCTH/+P3o2iDTak+S08V2+A=="
      },
      "Microsoft.TestPlatform.ObjectModel": {
        "type": "Transitive",
        "resolved": "17.3.2",
        "contentHash": "DJEIfSA2GDC+2m42vKGNR2hm+Uhta4SpCsLZVVvYIiYMjxtk7GzNnv82qvE4SCW3kIYllMg2D0rr8juuj/f7AA==",
        "dependencies": {
          "NuGet.Frameworks": "5.11.0",
          "System.Reflection.Metadata": "1.6.0"
        }
      },
      "Microsoft.TestPlatform.TestHost": {
        "type": "Transitive",
        "resolved": "17.3.2",
        "contentHash": "113J19v31pIx+PzmdEw67cWTZWh/YApnprbclFeat6szNbnpKOKG7Ap4PX5LT6E5Da+xONyilxvx2HZPpEaXPQ==",
        "dependencies": {
          "Microsoft.TestPlatform.ObjectModel": "17.3.2",
          "Newtonsoft.Json": "9.0.1"
        }
      },
      "NETStandard.Library": {
        "type": "Transitive",
        "resolved": "2.0.3",
        "contentHash": "st47PosZSHrjECdjeIzZQbzivYBJFv6P2nv4cj2ypdI204DO+vZ7l5raGMiX4eXMJ53RfOIg+/s4DHVZ54Nu2A==",
        "dependencies": {
          "Microsoft.NETCore.Platforms": "1.1.0"
        }
      },
      "NuGet.Frameworks": {
        "type": "Transitive",
        "resolved": "5.11.0",
        "contentHash": "eaiXkUjC4NPcquGWzAGMXjuxvLwc6XGKMptSyOGQeT0X70BUZObuybJFZLA0OfTdueLd3US23NBPTBb6iF3V1Q=="
      },
      "Questrade.Library.HealthCheck.AspNetCore": {
        "type": "Transitive",
        "resolved": "2.0.0",
        "contentHash": "GhRBdnSKWzf0Bne7b+RIq0LN11j/Io5wDsH0jgfHQydc2nf73b01I49dF6VgE2n8IcSenn/k7FOm44IYkzxR/A==",
        "dependencies": {
          "Microsoft.Extensions.Configuration.Binder": "6.0.0",
          "Microsoft.Extensions.Diagnostics.HealthChecks": "6.0.0",
          "Microsoft.Extensions.Logging.Abstractions": "6.0.0"
        }
      },
      "Questrade.Library.PubSubClientHelper": {
        "type": "Transitive",
        "resolved": "3.0.1",
        "contentHash": "ZXXyd5Olq2lSc2V1MUgMzzeJtiTLp1MJJu/vE9qcwQu4ugduSrFXqQPLtF2pzaVvMyROmhJ2y6rPCxZguMskdw==",
        "dependencies": {
          "DogStatsD-CSharp-Client": "[7.0.0, 8.0.0)",
          "Google.Cloud.PubSub.V1": "[3.1.0, 4.0.0)",
          "Microsoft.Extensions.Caching.Abstractions": "[6.0.0, 7.0.0)",
          "Microsoft.Extensions.Caching.Memory": "[6.0.0, 7.0.0)",
          "Microsoft.Extensions.Configuration": "[6.0.0, 7.0.0)",
          "Microsoft.Extensions.Configuration.Binder": "[6.0.0, 7.0.0)",
          "Microsoft.Extensions.DependencyInjection": "[6.0.0, 7.0.0)",
          "Microsoft.Extensions.Diagnostics.HealthChecks": "[6.0.0, 7.0.0)",
          "Microsoft.Extensions.Hosting.Abstractions": "[6.0.0, 7.0.0)",
          "Microsoft.Extensions.Logging.Abstractions": "[6.0.0, 7.0.0)",
          "Microsoft.IdentityModel.Logging": "[6.22.0, 7.0.0)",
          "Questrade.Library.HealthCheck.AspNetCore": "[2.0.0, 3.0.0)"
        }
      },
      "Serilog": {
        "type": "Transitive",
        "resolved": "2.10.0",
        "contentHash": "+QX0hmf37a0/OZLxM3wL7V6/ADvC1XihXN4Kq/p6d8lCPfgkRdiuhbWlMaFjR9Av0dy5F0+MBeDmDdRZN/YwQA=="
      },
      "SerilogTimings": {
        "type": "Transitive",
        "resolved": "3.0.1",
        "contentHash": "Zs28eTgszAMwpIrbBnWHBI50yuxL50p/dmAUWmy75+axdZYK/Sjm5/5m1N/CisR8acJUhTVcjPZrsB1P5iv0Uw==",
        "dependencies": {
          "Serilog": "2.10.0"
        }
      },
      "System.Diagnostics.EventLog": {
        "type": "Transitive",
        "resolved": "6.0.0",
        "contentHash": "lcyUiXTsETK2ALsZrX+nWuHSIQeazhqPphLfaRxzdGaG93+0kELqpgEHtwWOlQe7+jSFnKwaCAgL4kjeZCQJnw=="
      },
      "System.Memory": {
        "type": "Transitive",
        "resolved": "4.5.3",
        "contentHash": "3oDzvc/zzetpTKWMShs1AADwZjQ/36HnsufHRPcOjyRAAMLDlu2iD33MBI2opxnezcVUtXyqDXXjoFMOU9c7SA=="
      },
      "System.Net.Http.Json": {
        "type": "Transitive",
        "resolved": "7.0.1",
        "contentHash": "ni8+BJnndbJI9AXme/qCYXg1s4RpdRJx3gKp5WzcWuLt4l3syuscgk5Becis6x4E7HbQk4z6A7FNXFQD75F+wQ==",
        "dependencies": {
          "System.Text.Json": "7.0.2"
        }
      },
      "System.Reflection.Metadata": {
        "type": "Transitive",
        "resolved": "1.6.0",
        "contentHash": "COC1aiAJjCoA5GBF+QKL2uLqEBew4JsCkQmoHKbN3TlOZKa2fKLz5CpiRQKDz0RsAOEGsVKqOD5bomsXq/4STQ=="
      },
      "System.Runtime.CompilerServices.Unsafe": {
        "type": "Transitive",
        "resolved": "6.0.0",
        "contentHash": "/iUeP3tq1S0XdNNoMz5C9twLSrM/TH+qElHkXWaPvuNOt+99G75NrV0OS2EqHx5wMN7popYjpc8oTjC1y16DLg=="
      },
      "System.Text.Encodings.Web": {
        "type": "Transitive",
        "resolved": "7.0.0",
        "contentHash": "OP6umVGxc0Z0MvZQBVigj4/U31Pw72ITihDWP9WiWDm+q5aoe0GaJivsfYGq53o6dxH7DcXWiCTl7+0o2CGdmg==",
        "dependencies": {
          "System.Runtime.CompilerServices.Unsafe": "6.0.0"
        }
      },
      "System.Text.Json": {
        "type": "Transitive",
        "resolved": "7.0.3",
        "contentHash": "AyjhwXN1zTFeIibHimfJn6eAsZ7rTBib79JQpzg8WAuR/HKDu9JGNHTuu3nbbXQ/bgI+U4z6HtZmCHNXB1QXrQ==",
        "dependencies": {
          "System.Runtime.CompilerServices.Unsafe": "6.0.0",
          "System.Text.Encodings.Web": "7.0.0"
        }
      },
      "xunit.abstractions": {
        "type": "Transitive",
        "resolved": "2.0.3",
        "contentHash": "pot1I4YOxlWjIb5jmwvvQNbTrZ3lJQ+jUGkGjWE3hEFM0l5gOnBWS+H3qsex68s5cO52g+44vpGzhAt+42vwKg=="
      },
      "xunit.analyzers": {
        "type": "Transitive",
        "resolved": "1.0.0",
        "contentHash": "BeO8hEgs/c8Ls2647fPfieMngncvf0D0xYNDfIO59MolxtCtVjFRd6SRc+7tj8VMqkVOuJcnc9eh4ngI2cAmLQ=="
      },
      "xunit.assert": {
        "type": "Transitive",
        "resolved": "2.4.2",
        "contentHash": "pxJISOFjn2XTTi1mcDCkRZrTFb9OtRRCtx2kZFNF51GdReLr1ls2rnyxvAS4JO247K3aNtflvh5Q0346K5BROA==",
        "dependencies": {
          "NETStandard.Library": "1.6.1"
        }
      },
      "xunit.core": {
        "type": "Transitive",
        "resolved": "2.4.2",
        "contentHash": "KB4yGCxNqIVyekhJLXtKSEq6BaXVp/JO3mbGVE1hxypZTLEe7h+sTbAhpA+yZW2dPtXTuiW+C1B2oxxHEkrmOw==",
        "dependencies": {
          "xunit.extensibility.core": "[2.4.2]",
          "xunit.extensibility.execution": "[2.4.2]"
        }
      },
      "xunit.extensibility.core": {
        "type": "Transitive",
        "resolved": "2.4.2",
        "contentHash": "W1BoXTIN1C6kpVSMw25huSet25ky6IAQUNovu3zGOGN/jWnbgSoTyCrlIhmXSg0tH5nEf8q7h3OjNHOjyu5PfA==",
        "dependencies": {
          "NETStandard.Library": "1.6.1",
          "xunit.abstractions": "2.0.3"
        }
      },
      "xunit.extensibility.execution": {
        "type": "Transitive",
        "resolved": "2.4.2",
        "contentHash": "CZmgcKkwpyo8FlupZdWpJCryrAOWLh1FBPG6gmVZuPQkGQsim/oL4PcP4nfrC2hHgXUFtluvaJ0Sp9PQKUMNpg==",
        "dependencies": {
          "NETStandard.Library": "1.6.1",
          "xunit.extensibility.core": "[2.4.2]"
        }
      },
      "domain": {
        "type": "Project",
        "dependencies": {
          "System.Threading.Tasks.Extensions": "[4.5.0, )"
        }
      },
      "infra": {
        "type": "Project",
        "dependencies": {
          "DogStatsD-CSharp-Client": "[7.0.0, )",
          "Domain": "[1.0.0, )",
          "Google.Cloud.BigQuery.V2": "[3.5.0, )",
          "Microsoft.Extensions.Logging.Abstractions": "[6.0.1, )",
          "Newtonsoft.Json": "[13.0.3, )",
          "Questrade.Library.PubSubClientHelper": "[3.0.1, )",
          "Refit": "[7.0.0, )",
          "SerilogTimings": "[3.0.1, )",
          "System.Threading.Tasks.Extensions": "[4.5.0, )"
        }
      }
    }
  }
}